
Microsoft Visual Studio Solution File, Format Version 12.00
# Visual Studio Version 17
VisualStudioVersion = 17.4.33403.182
MinimumVisualStudioVersion = 10.0.40219.1
Project("{FAE04EC0-301F-11D3-BF4B-00C04F79EFBC}") = "API", "API\API.csproj", "{F2CF7876-E98B-4C06-AE69-0C72590F46D9}"
EndProject
Project("{FAE04EC0-301F-11D3-BF4B-00C04F79EFBC}") = "DAL", "DAL\DAL.csproj", "{1C3885A2-FC46-44D9-B363-AB53B4C3604D}"
EndProject
Project("{FAE04EC0-301F-11D3-BF4B-00C04F79EFBC}") = "BLL", "BLL\BLL.csproj", "{FE44B493-947A-4359-95AC-8C19CE0EF822}"
EndProject
Project("{FAE04EC0-301F-11D3-BF4B-00C04F79EFBC}") = "MIG", "MIG\MIG.csproj", "{074FCEDF-1797-4B75-B62D-126A12B9B25A}"
EndProject
Global
	GlobalSection(SolutionConfigurationPlatforms) = preSolution
		Debug|Any CPU = Debug|Any CPU
		Release|Any CPU = Release|Any CPU
	EndGlobalSection
	GlobalSection(ProjectConfigurationPlatforms) = postSolution
		{F2CF7876-E98B-4C06-AE69-0C72590F46D9}.Debug|Any CPU.ActiveCfg = Debug|Any CPU
		{F2CF7876-E98B-4C06-AE69-0C72590F46D9}.Debug|Any CPU.Build.0 = Debug|Any CPU
		{F2CF7876-E98B-4C06-AE69-0C72590F46D9}.Release|Any CPU.ActiveCfg = Release|Any CPU
		{F2CF7876-E98B-4C06-AE69-0C72590F46D9}.Release|Any CPU.Build.0 = Release|Any CPU
		{1C3885A2-FC46-44D9-B363-AB53B4C3604D}.Debug|Any CPU.ActiveCfg = Debug|Any CPU
		{1C3885A2-FC46-44D9-B363-AB53B4C3604D}.Debug|Any CPU.Build.0 = Debug|Any CPU
		{1C3885A2-FC46-44D9-B363-AB53B4C3604D}.Release|Any CPU.ActiveCfg = Release|Any CPU
		{1C3885A2-FC46-44D9-B363-AB53B4C3604D}.Release|Any CPU.Build.0 = Release|Any CPU
		{FE44B493-947A-4359-95AC-8C19CE0EF822}.Debug|Any CPU.ActiveCfg = Debug|Any CPU
		{FE44B493-947A-4359-95AC-8C19CE0EF822}.Debug|Any CPU.Build.0 = Debug|Any CPU
		{FE44B493-947A-4359-95AC-8C19CE0EF822}.Release|Any CPU.ActiveCfg = Release|Any CPU
		{FE44B493-947A-4359-95AC-8C19CE0EF822}.Release|Any CPU.Build.0 = Release|Any CPU
		{074FCEDF-1797-4B75-B62D-126A12B9B25A}.Debug|Any CPU.ActiveCfg = Debug|Any CPU
		{074FCEDF-1797-4B75-B62D-126A12B9B25A}.Debug|Any CPU.Build.0 = Debug|Any CPU
		{074FCEDF-1797-4B75-B62D-126A12B9B25A}.Release|Any CPU.ActiveCfg = Release|Any CPU
		{074FCEDF-1797-4B75-B62D-126A12B9B25A}.Release|Any CPU.Build.0 = Release|Any CPU
	EndGlobalSection
	GlobalSection(SolutionProperties) = preSolution
		HideSolutionNode = FALSE
	EndGlobalSection
	GlobalSection(ExtensibilityGlobals) = postSolution
		SolutionGuid = {7AA8AB6F-783D-4452-BC1A-038B0C321CBC}
	EndGlobalSection
EndGlobal
